
Microsoft Visual Studio Solution File, Format Version 12.00
# Visual Studio Version 17
VisualStudioVersion = 17.9.34701.34
MinimumVisualStudioVersion = 10.0.40219.1
Project("{FAE04EC0-301F-11D3-BF4B-00C04F79EFBC}") = "Leonardo-mvc-cp", "Leonardo-mvc-cp.csproj", "{A1EA6F81-B2ED-4B5C-B3A9-52428E8377FF}"
EndProject
Global
	GlobalSection(SolutionConfigurationPlatforms) = preSolution
		Debug|Any CPU = Debug|Any CPU
		Release|Any CPU = Release|Any CPU
	EndGlobalSection
	GlobalSection(ProjectConfigurationPlatforms) = postSolution
		{A1EA6F81-B2ED-4B5C-B3A9-52428E8377FF}.Debug|Any CPU.ActiveCfg = Debug|Any CPU
		{A1EA6F81-B2ED-4B5C-B3A9-52428E8377FF}.Debug|Any CPU.Build.0 = Debug|Any CPU
		{A1EA6F81-B2ED-4B5C-B3A9-52428E8377FF}.Release|Any CPU.ActiveCfg = Release|Any CPU
		{A1EA6F81-B2ED-4B5C-B3A9-52428E8377FF}.Release|Any CPU.Build.0 = Release|Any CPU
	EndGlobalSection
	GlobalSection(SolutionProperties) = preSolution
		HideSolutionNode = FALSE
	EndGlobalSection
	GlobalSection(ExtensibilityGlobals) = postSolution
		SolutionGuid = {2F93A958-1702-4425-BE6F-FC22C1EE52F4}
	EndGlobalSection
EndGlobal
